
Microsoft Visual Studio Solution File, Format Version 12.00
# Visual Studio Version 16
VisualStudioVersion = 16.0.29806.167
MinimumVisualStudioVersion = 10.0.40219.1
Project("{FAE04EC0-301F-11D3-BF4B-00C04F79EFBC}") = "AgendaTelefonica", "AgendaTelefonica\AgendaTelefonica.csproj", "{687F579E-E243-43FE-9736-2731C654580C}"
EndProject
Project("{FAE04EC0-301F-11D3-BF4B-00C04F79EFBC}") = "Common", "Common\Common.csproj", "{B3D0BBE8-0CC9-4C2B-BFFB-F6DF43824E0F}"
EndProject
Project("{FAE04EC0-301F-11D3-BF4B-00C04F79EFBC}") = "DataAccessLayer", "DataAccessLayer\DataAccessLayer.csproj", "{1D93A089-0974-461E-AAA1-4AB19120C861}"
EndProject
Project("{FAE04EC0-301F-11D3-BF4B-00C04F79EFBC}") = "BL", "BL\BL.csproj", "{14C3F38D-2C07-402D-BBDC-85596D02BF0B}"
EndProject
Project("{FAE04EC0-301F-11D3-BF4B-00C04F79EFBC}") = "AgendaTelefonocaAPI", "AgendaTelefonocaAPI\AgendaTelefonocaAPI.csproj", "{BDA156A8-DA1B-4E86-A781-96D39AB6E821}"
EndProject
Global
	GlobalSection(SolutionConfigurationPlatforms) = preSolution
		Debug|Any CPU = Debug|Any CPU
		Release|Any CPU = Release|Any CPU
	EndGlobalSection
	GlobalSection(ProjectConfigurationPlatforms) = postSolution
		{687F579E-E243-43FE-9736-2731C654580C}.Debug|Any CPU.ActiveCfg = Debug|Any CPU
		{687F579E-E243-43FE-9736-2731C654580C}.Debug|Any CPU.Build.0 = Debug|Any CPU
		{687F579E-E243-43FE-9736-2731C654580C}.Release|Any CPU.ActiveCfg = Release|Any CPU
		{687F579E-E243-43FE-9736-2731C654580C}.Release|Any CPU.Build.0 = Release|Any CPU
		{B3D0BBE8-0CC9-4C2B-BFFB-F6DF43824E0F}.Debug|Any CPU.ActiveCfg = Debug|Any CPU
		{B3D0BBE8-0CC9-4C2B-BFFB-F6DF43824E0F}.Debug|Any CPU.Build.0 = Debug|Any CPU
		{B3D0BBE8-0CC9-4C2B-BFFB-F6DF43824E0F}.Release|Any CPU.ActiveCfg = Release|Any CPU
		{B3D0BBE8-0CC9-4C2B-BFFB-F6DF43824E0F}.Release|Any CPU.Build.0 = Release|Any CPU
		{1D93A089-0974-461E-AAA1-4AB19120C861}.Debug|Any CPU.ActiveCfg = Debug|Any CPU
		{1D93A089-0974-461E-AAA1-4AB19120C861}.Debug|Any CPU.Build.0 = Debug|Any CPU
		{1D93A089-0974-461E-AAA1-4AB19120C861}.Release|Any CPU.ActiveCfg = Release|Any CPU
		{1D93A089-0974-461E-AAA1-4AB19120C861}.Release|Any CPU.Build.0 = Release|Any CPU
		{14C3F38D-2C07-402D-BBDC-85596D02BF0B}.Debug|Any CPU.ActiveCfg = Debug|Any CPU
		{14C3F38D-2C07-402D-BBDC-85596D02BF0B}.Debug|Any CPU.Build.0 = Debug|Any CPU
		{14C3F38D-2C07-402D-BBDC-85596D02BF0B}.Release|Any CPU.ActiveCfg = Release|Any CPU
		{14C3F38D-2C07-402D-BBDC-85596D02BF0B}.Release|Any CPU.Build.0 = Release|Any CPU
		{BDA156A8-DA1B-4E86-A781-96D39AB6E821}.Debug|Any CPU.ActiveCfg = Debug|Any CPU
		{BDA156A8-DA1B-4E86-A781-96D39AB6E821}.Debug|Any CPU.Build.0 = Debug|Any CPU
		{BDA156A8-DA1B-4E86-A781-96D39AB6E821}.Release|Any CPU.ActiveCfg = Release|Any CPU
		{BDA156A8-DA1B-4E86-A781-96D39AB6E821}.Release|Any CPU.Build.0 = Release|Any CPU
	EndGlobalSection
	GlobalSection(SolutionProperties) = preSolution
		HideSolutionNode = FALSE
	EndGlobalSection
	GlobalSection(ExtensibilityGlobals) = postSolution
		SolutionGuid = {38795F4B-FF02-4FEF-88AC-5F4F9E0C858F}
	EndGlobalSection
EndGlobal
